// !$*UTF8*$!
{
	archiveVersion = 1;
	classes = {
	};
	objectVersion = 50;
	objects = {

/* Begin PBXBuildFile section */
		BC59E11823713CE300B2C06C /* AppDelegate.swift in Sources */ = {isa = PBXBuildFile; fileRef = BC59E11723713CE300B2C06C /* AppDelegate.swift */; };
		BC59E11A23713CE300B2C06C /* SceneDelegate.swift in Sources */ = {isa = PBXBuildFile; fileRef = BC59E11923713CE300B2C06C /* SceneDelegate.swift */; };
		BC59E11D23713CE300B2C06C /* SwiftUIScrollView.xcdatamodeld in Sources */ = {isa = PBXBuildFile; fileRef = BC59E11B23713CE300B2C06C /* SwiftUIScrollView.xcdatamodeld */; };
		BC59E11F23713CE300B2C06C /* ContentView.swift in Sources */ = {isa = PBXBuildFile; fileRef = BC59E11E23713CE300B2C06C /* ContentView.swift */; };
		BC59E12123713CEA00B2C06C /* Assets.xcassets in Resources */ = {isa = PBXBuildFile; fileRef = BC59E12023713CEA00B2C06C /* Assets.xcassets */; };
		BC59E12423713CEA00B2C06C /* Preview Assets.xcassets in Resources */ = {isa = PBXBuildFile; fileRef = BC59E12323713CEA00B2C06C /* Preview Assets.xcassets */; };
		BC59E12723713CEA00B2C06C /* LaunchScreen.storyboard in Resources */ = {isa = PBXBuildFile; fileRef = BC59E12523713CEA00B2C06C /* LaunchScreen.storyboard */; };
		BC59E12F23713DB100B2C06C /* CardView.swift in Sources */ = {isa = PBXBuildFile; fileRef = BC59E12E23713DB100B2C06C /* CardView.swift */; };
/* End PBXBuildFile section */

/* Begin PBXFileReference section */
		BC59E11423713CE300B2C06C /* SwiftUIScrollView.app */ = {isa = PBXFileReference; explicitFileType = wrapper.application; includeInIndex = 0; path = SwiftUIScrollView.app; sourceTree = BUILT_PRODUCTS_DIR; };
		BC59E11723713CE300B2C06C /* AppDelegate.swift */ = {isa = PBXFileReference; lastKnownFileType = sourcecode.swift; path = AppDelegate.swift; sourceTree = "<group>"; };
		BC59E11923713CE300B2C06C /* SceneDelegate.swift */ = {isa = PBXFileReference; lastKnownFileType = sourcecode.swift; path = SceneDelegate.swift; sourceTree = "<group>"; };
		BC59E11C23713CE300B2C06C /* SwiftUIScrollView.xcdatamodel */ = {isa = PBXFileReference; lastKnownFileType = wrapper.xcdatamodel; path = SwiftUIScrollView.xcdatamodel; sourceTree = "<group>"; };
		BC59E11E23713CE300B2C06C /* ContentView.swift */ = {isa = PBXFileReference; lastKnownFileType = sourcecode.swift; path = ContentView.swift; sourceTree = "<group>"; };
		BC59E12023713CEA00B2C06C /* Assets.xcassets */ = {isa = PBXFileReference; lastKnownFileType = folder.assetcatalog; path = Assets.xcassets; sourceTree = "<group>"; };
		BC59E12323713CEA00B2C06C /* Preview Assets.xcassets */ = {isa = PBXFileReference; lastKnownFileType = folder.assetcatalog; path = "Preview Assets.xcassets"; sourceTree = "<group>"; };
		BC59E12623713CEA00B2C06C /* Base */ = {isa = PBXFileReference; lastKnownFileType = file.storyboard; name = Base; path = Base.lproj/LaunchScreen.storyboard; sourceTree = "<group>"; };
		BC59E12823713CEA00B2C06C /* Info.plist */ = {isa = PBXFileReference; lastKnownFileType = text.plist.xml; path = Info.plist; sourceTree = "<group>"; };
		BC59E12E23713DB100B2C06C /* CardView.swift */ = {isa = PBXFileReference; lastKnownFileType = sourcecode.swift; path = CardView.swift; sourceTree = "<group>"; };
/* End PBXFileReference section */

/* Begin PBXFrameworksBuildPhase section */
		BC59E11123713CE300B2C06C /* Frameworks */ = {
			isa = PBXFrameworksBuildPhase;
			buildActionMask = 2147483647;
			files = (
			);
			runOnlyForDeploymentPostprocessing = 0;
		};
/* End PBXFrameworksBuildPhase section */

/* Begin PBXGroup section */
		BC59E10B23713CE300B2C06C = {
			isa = PBXGroup;
			children = (
				BC59E11623713CE300B2C06C /* SwiftUIScrollView */,
				BC59E11523713CE300B2C06C /* Products */,
			);
			sourceTree = "<group>";
		};
		BC59E11523713CE300B2C06C /* Products */ = {
			isa = PBXGroup;
			children = (
				BC59E11423713CE300B2C06C /* SwiftUIScrollView.app */,
			);
			name = Products;
			sourceTree = "<group>";
		};
		BC59E11623713CE300B2C06C /* SwiftUIScrollView */ = {
			isa = PBXGroup;
			children = (
				BC59E11723713CE300B2C06C /* AppDelegate.swift */,
				BC59E11923713CE300B2C06C /* SceneDelegate.swift */,
				BC59E11E23713CE300B2C06C /* ContentView.swift */,
				BC59E12E23713DB100B2C06C /* CardView.swift */,
				BC59E12023713CEA00B2C06C /* Assets.xcassets */,
				BC59E12523713CEA00B2C06C /* LaunchScreen.storyboard */,
				BC59E12823713CEA00B2C06C /* Info.plist */,
				BC59E11B23713CE300B2C06C /* SwiftUIScrollView.xcdatamodeld */,
				BC59E12223713CEA00B2C06C /* Preview Content */,
			);
			path = SwiftUIScrollView;
			sourceTree = "<group>";
		};
		BC59E12223713CEA00B2C06C /* Preview Content */ = {
			isa = PBXGroup;
			children = (
				BC59E12323713CEA00B2C06C /* Preview Assets.xcassets */,
			);
			path = "Preview Content";
			sourceTree = "<group>";
		};
/* End PBXGroup section */

/* Begin PBXNativeTarget section */
		BC59E11323713CE300B2C06C /* SwiftUIScrollView */ = {
			isa = PBXNativeTarget;
			buildConfigurationList = BC59E12B23713CEA00B2C06C /* Build configuration list for PBXNativeTarget "SwiftUIScrollView" */;
			buildPhases = (
				BC59E11023713CE300B2C06C /* Sources */,
				BC59E11123713CE300B2C06C /* Frameworks */,
				BC59E11223713CE300B2C06C /* Resources */,
			);
			buildRules = (
			);
			dependencies = (
			);
			name = SwiftUIScrollView;
			productName = SwiftUIScrollView;
			productReference = BC59E11423713CE300B2C06C /* SwiftUIScrollView.app */;
			productType = "com.apple.product-type.application";
		};
/* End PBXNativeTarget section */

/* Begin PBXProject section */
		BC59E10C23713CE300B2C06C /* Project object */ = {
			isa = PBXProject;
			attributes = {
				LastSwiftUpdateCheck = 1120;
				LastUpgradeCheck = 1120;
				ORGANIZATIONNAME = "Mpixel Design & Development";
				TargetAttributes = {
					BC59E11323713CE300B2C06C = {
						CreatedOnToolsVersion = 11.2;
					};
				};
			};
			buildConfigurationList = BC59E10F23713CE300B2C06C /* Build configuration list for PBXProject "SwiftUIScrollView" */;
			compatibilityVersion = "Xcode 9.3";
			developmentRegion = en;
			hasScannedForEncodings = 0;
			knownRegions = (
				en,
				Base,
			);
			mainGroup = BC59E10B23713CE300B2C06C;
			productRefGroup = BC59E11523713CE300B2C06C /* Products */;
			projectDirPath = "";
			projectRoot = "";
			targets = (
				BC59E11323713CE300B2C06C /* SwiftUIScrollView */,
			);
		};
/* End PBXProject section */

/* Begin PBXResourcesBuildPhase section */
		BC59E11223713CE300B2C06C /* Resources */ = {
			isa = PBXResourcesBuildPhase;
			buildActionMask = 2147483647;
			files = (
				BC59E12723713CEA00B2C06C /* LaunchScreen.storyboard in Resources */,
				BC59E12423713CEA00B2C06C /* Preview Assets.xcassets in Resources */,
				BC59E12123713CEA00B2C06C /* Assets.xcassets in Resources */,
			);
			runOnlyForDeploymentPostprocessing = 0;
		};
/* End PBXResourcesBuildPhase section */

/* Begin PBXSourcesBuildPhase section */
		BC59E11023713CE300B2C06C /* Sources */ = {
			isa = PBXSourcesBuildPhase;
			buildActionMask = 2147483647;
			files = (
				BC59E11D23713CE300B2C06C /* SwiftUIScrollView.xcdatamodeld in Sources */,
				BC59E11823713CE300B2C06C /* AppDelegate.swift in Sources */,
				BC59E11F23713CE300B2C06C /* ContentView.swift in Sources */,
				BC59E11A23713CE300B2C06C /* SceneDelegate.swift in Sources */,
				BC59E12F23713DB100B2C06C /* CardView.swift in Sources */,
			);
			runOnlyForDeploymentPostprocessing = 0;
		};
/* End PBXSourcesBuildPhase section */

/* Begin PBXVariantGroup section */
		BC59E12523713CEA00B2C06C /* LaunchScreen.storyboard */ = {
			isa = PBXVariantGroup;
			children = (
				BC59E12623713CEA00B2C06C /* Base */,
			);
			name = LaunchScreen.storyboard;
			sourceTree = "<group>";
		};
/* End PBXVariantGroup section */

/* Begin XCBuildConfiguration section */
		BC59E12923713CEA00B2C06C /* Debug */ = {
			isa = XCBuildConfiguration;
			buildSettings = {
				ALWAYS_SEARCH_USER_PATHS = NO;
				CLANG_ANALYZER_NONNULL = YES;
				CLANG_ANALYZER_NUMBER_OBJECT_CONVERSION = YES_AGGRESSIVE;
				CLANG_CXX_LANGUAGE_STANDARD = "gnu++14";
				CLANG_CXX_LIBRARY = "libc++";
				CLANG_ENABLE_MODULES = YES;
				CLANG_ENABLE_OBJC_ARC = YES;
				CLANG_ENABLE_OBJC_WEAK = YES;
				CLANG_WARN_BLOCK_CAPTURE_AUTORELEASING = YES;
				CLANG_WARN_BOOL_CONVERSION = YES;
				CLANG_WARN_COMMA = YES;
				CLANG_WARN_CONSTANT_CONVERSION = YES;
				CLANG_WARN_DEPRECATED_OBJC_IMPLEMENTATIONS = YES;
				CLANG_WARN_DIRECT_OBJC_ISA_USAGE = YES_ERROR;
				CLANG_WARN_DOCUMENTATION_COMMENTS = YES;
				CLANG_WARN_EMPTY_BODY = YES;
				CLANG_WARN_ENUM_CONVERSION = YES;
				CLANG_WARN_INFINITE_RECURSION = YES;
				CLANG_WARN_INT_CONVERSION = YES;
				CLANG_WARN_NON_LITERAL_NULL_CONVERSION = YES;
				CLANG_WARN_OBJC_IMPLICIT_RETAIN_SELF = YES;
				CLANG_WARN_OBJC_LITERAL_CONVERSION = YES;
				CLANG_WARN_OBJC_ROOT_CLASS = YES_ERROR;
				CLANG_WARN_RANGE_LOOP_ANALYSIS = YES;
				CLANG_WARN_STRICT_PROTOTYPES = YES;
				CLANG_WARN_SUSPICIOUS_MOVE = YES;
				CLANG_WARN_UNGUARDED_AVAILABILITY = YES_AGGRESSIVE;
				CLANG_WARN_UNREACHABLE_CODE = YES;
				CLANG_WARN__DUPLICATE_METHOD_MATCH = YES;
				COPY_PHASE_STRIP = NO;
				DEBUG_INFORMATION_FORMAT = dwarf;
				ENABLE_STRICT_OBJC_MSGSEND = YES;
				ENABLE_TESTABILITY = YES;
				GCC_C_LANGUAGE_STANDARD = gnu11;
				GCC_DYNAMIC_NO_PIC = NO;
				GCC_NO_COMMON_BLOCKS = YES;
				GCC_OPTIMIZATION_LEVEL = 0;
				GCC_PREPROCESSOR_DEFINITIONS = (
					"DEBUG=1",
					"$(inherited)",
				);
				GCC_WARN_64_TO_32_BIT_CONVERSION = YES;
				GCC_WARN_ABOUT_RETURN_TYPE = YES_ERROR;
				GCC_WARN_UNDECLARED_SELECTOR = YES;
				GCC_WARN_UNINITIALIZED_AUTOS = YES_AGGRESSIVE;
				GCC_WARN_UNUSED_FUNCTION = YES;
				GCC_WARN_UNUSED_VARIABLE = YES;
				IPHONEOS_DEPLOYMENT_TARGET = 13.2;
				MTL_ENABLE_DEBUG_INFO = INCLUDE_SOURCE;
				MTL_FAST_MATH = YES;
				ONLY_ACTIVE_ARCH = YES;
				SDKROOT = iphoneos;
				SWIFT_ACTIVE_COMPILATION_CONDITIONS = DEBUG;
				SWIFT_OPTIMIZATION_LEVEL = "-Onone";
			};
			name = Debug;
		};
		BC59E12A23713CEA00B2C06C /* Release */ = {
			isa = XCBuildConfiguration;
			buildSettings = {
				ALWAYS_SEARCH_USER_PATHS = NO;
				CLANG_ANALYZER_NONNULL = YES;
				CLANG_ANALYZER_NUMBER_OBJECT_CONVERSION = YES_AGGRESSIVE;
				CLANG_CXX_LANGUAGE_STANDARD = "gnu++14";
				CLANG_CXX_LIBRARY = "libc++";
				CLANG_ENABLE_MODULES = YES;
				CLANG_ENABLE_OBJC_ARC = YES;
				CLANG_ENABLE_OBJC_WEAK = YES;
				CLANG_WARN_BLOCK_CAPTURE_AUTORELEASING = YES;
				CLANG_WARN_BOOL_CONVERSION = YES;
				CLANG_WARN_COMMA = YES;
				CLANG_WARN_CONSTANT_CONVERSION = YES;
				CLANG_WARN_DEPRECATED_OBJC_IMPLEMENTATIONS = YES;
				CLANG_WARN_DIRECT_OBJC_ISA_USAGE = YES_ERROR;
				CLANG_WARN_DOCUMENTATION_COMMENTS = YES;
				CLANG_WARN_EMPTY_BODY = YES;
				CLANG_WARN_ENUM_CONVERSION = YES;
				CLANG_WARN_INFINITE_RECURSION = YES;
				CLANG_WARN_INT_CONVERSION = YES;
				CLANG_WARN_NON_LITERAL_NULL_CONVERSION = YES;
				CLANG_WARN_OBJC_IMPLICIT_RETAIN_SELF = YES;
				CLANG_WARN_OBJC_LITERAL_CONVERSION = YES;
				CLANG_WARN_OBJC_ROOT_CLASS = YES_ERROR;
				CLANG_WARN_RANGE_LOOP_ANALYSIS = YES;
				CLANG_WARN_STRICT_PROTOTYPES = YES;
				CLANG_WARN_SUSPICIOUS_MOVE = YES;
				CLANG_WARN_UNGUARDED_AVAILABILITY = YES_AGGRESSIVE;
				CLANG_WARN_UNREACHABLE_CODE = YES;
				CLANG_WARN__DUPLICATE_METHOD_MATCH = YES;
				COPY_PHASE_STRIP = NO;
				DEBUG_INFORMATION_FORMAT = "dwarf-with-dsym";
				ENABLE_NS_ASSERTIONS = NO;
				ENABLE_STRICT_OBJC_MSGSEND = YES;
				GCC_C_LANGUAGE_STANDARD = gnu11;
				GCC_NO_COMMON_BLOCKS = YES;
				GCC_WARN_64_TO_32_BIT_CONVERSION = YES;
				GCC_WARN_ABOUT_RETURN_TYPE = YES_ERROR;
				GCC_WARN_UNDECLARED_SELECTOR = YES;
				GCC_WARN_UNINITIALIZED_AUTOS = YES_AGGRESSIVE;
				GCC_WARN_UNUSED_FUNCTION = YES;
				GCC_WARN_UNUSED_VARIABLE = YES;
				IPHONEOS_DEPLOYMENT_TARGET = 13.2;
				MTL_ENABLE_DEBUG_INFO = NO;
				MTL_FAST_MATH = YES;
				SDKROOT = iphoneos;
				SWIFT_COMPILATION_MODE = wholemodule;
				SWIFT_OPTIMIZATION_LEVEL = "-O";
				VALIDATE_PRODUCT = YES;
			};
			name = Release;
		};
		BC59E12C23713CEA00B2C06C /* Debug */ = {
			isa = XCBuildConfiguration;
			buildSettings = {
				ASSETCATALOG_COMPILER_APPICON_NAME = AppIcon;
				CODE_SIGN_STYLE = Automatic;
				DEVELOPMENT_ASSET_PATHS = "\"SwiftUIScrollView/Preview Content\"";
				DEVELOPMENT_TEAM = 8R9MN7EWJ6;
				ENABLE_PREVIEWS = YES;
				INFOPLIST_FILE = SwiftUIScrollView/Info.plist;
				LD_RUNPATH_SEARCH_PATHS = (
					"$(inherited)",
					"@executable_path/Frameworks",
				);
				PRODUCT_BUNDLE_IDENTIFIER = com.mpixeldd.SwiftUIScrollView;
				PRODUCT_NAME = "$(TARGET_NAME)";
				SWIFT_VERSION = 5.0;
				TARGETED_DEVICE_FAMILY = "1,2";
			};
			name = Debug;
		};
		BC59E12D23713CEA00B2C06C /* Release */ = {
			isa = XCBuildConfiguration;
			buildSettings = {
				ASSETCATALOG_COMPILER_APPICON_NAME = AppIcon;
				CODE_SIGN_STYLE = Automatic;
				DEVELOPMENT_ASSET_PATHS = "\"SwiftUIScrollView/Preview Content\"";
				DEVELOPMENT_TEAM = 8R9MN7EWJ6;
				ENABLE_PREVIEWS = YES;
				INFOPLIST_FILE = SwiftUIScrollView/Info.plist;
				LD_RUNPATH_SEARCH_PATHS = (
					"$(inherited)",
					"@executable_path/Frameworks",
				);
				PRODUCT_BUNDLE_IDENTIFIER = com.mpixeldd.SwiftUIScrollView;
				PRODUCT_NAME = "$(TARGET_NAME)";
				SWIFT_VERSION = 5.0;
				TARGETED_DEVICE_FAMILY = "1,2";
			};
			name = Release;
		};
/* End XCBuildConfiguration section */

/* Begin XCConfigurationList section */
		BC59E10F23713CE300B2C06C /* Build configuration list for PBXProject "SwiftUIScrollView" */ = {
			isa = XCConfigurationList;
			buildConfigurations = (
				BC59E12923713CEA00B2C06C /* Debug */,
				BC59E12A23713CEA00B2C06C /* Release */,
			);
			defaultConfigurationIsVisible = 0;
			defaultConfigurationName = Release;
		};
		BC59E12B23713CEA00B2C06C /* Build configuration list for PBXNativeTarget "SwiftUIScrollView" */ = {
			isa = XCConfigurationList;
			buildConfigurations = (
				BC59E12C23713CEA00B2C06C /* Debug */,
				BC59E12D23713CEA00B2C06C /* Release */,
			);
			defaultConfigurationIsVisible = 0;
			defaultConfigurationName = Release;
		};
/* End XCConfigurationList section */

/* Begin XCVersionGroup section */
		BC59E11B23713CE300B2C06C /* SwiftUIScrollView.xcdatamodeld */ = {
			isa = XCVersionGroup;
			children = (
				BC59E11C23713CE300B2C06C /* SwiftUIScrollView.xcdatamodel */,
			);
			currentVersion = BC59E11C23713CE300B2C06C /* SwiftUIScrollView.xcdatamodel */;
			path = SwiftUIScrollView.xcdatamodeld;
			sourceTree = "<group>";
			versionGroupType = wrapper.xcdatamodel;
		};
/* End XCVersionGroup section */
	};
	rootObject = BC59E10C23713CE300B2C06C /* Project object */;
}
